
Microsoft Visual Studio Solution File, Format Version 12.00
# Visual Studio Version 16
VisualStudioVersion = 16.0.30320.27
MinimumVisualStudioVersion = 10.0.40219.1
Project("{FAE04EC0-301F-11D3-BF4B-00C04F79EFBC}") = "VideoPlayer", "VideoPlayer\VideoPlayer.csproj", "{669E19D7-3BC8-410C-84F0-6259452454CE}"
EndProject
Project("{FAE04EC0-301F-11D3-BF4B-00C04F79EFBC}") = "iMatchDemo_x64", "D:\01.Projects\25. MCCL_Vision_LIB\MiM Examples For C#\iMatch SDK Demo\iMatchDemo_x64\iMatchDemo_x64.csproj", "{675B00CF-4EEC-48D4-8F05-6BB3B1B259ED}"
EndProject
Global
	GlobalSection(SolutionConfigurationPlatforms) = preSolution
		Debug|Any CPU = Debug|Any CPU
		Debug|x64 = Debug|x64
		Debug|x86 = Debug|x86
		Release|Any CPU = Release|Any CPU
		Release|x64 = Release|x64
		Release|x86 = Release|x86
	EndGlobalSection
	GlobalSection(ProjectConfigurationPlatforms) = postSolution
		{669E19D7-3BC8-410C-84F0-6259452454CE}.Debug|Any CPU.ActiveCfg = Debug|Any CPU
		{669E19D7-3BC8-410C-84F0-6259452454CE}.Debug|Any CPU.Build.0 = Debug|Any CPU
		{669E19D7-3BC8-410C-84F0-6259452454CE}.Debug|x64.ActiveCfg = Debug|Any CPU
		{669E19D7-3BC8-410C-84F0-6259452454CE}.Debug|x64.Build.0 = Debug|Any CPU
		{669E19D7-3BC8-410C-84F0-6259452454CE}.Debug|x86.ActiveCfg = Debug|Any CPU
		{669E19D7-3BC8-410C-84F0-6259452454CE}.Debug|x86.Build.0 = Debug|Any CPU
		{669E19D7-3BC8-410C-84F0-6259452454CE}.Release|Any CPU.ActiveCfg = Release|Any CPU
		{669E19D7-3BC8-410C-84F0-6259452454CE}.Release|Any CPU.Build.0 = Release|Any CPU
		{669E19D7-3BC8-410C-84F0-6259452454CE}.Release|x64.ActiveCfg = Release|Any CPU
		{669E19D7-3BC8-410C-84F0-6259452454CE}.Release|x64.Build.0 = Release|Any CPU
		{669E19D7-3BC8-410C-84F0-6259452454CE}.Release|x86.ActiveCfg = Release|Any CPU
		{669E19D7-3BC8-410C-84F0-6259452454CE}.Release|x86.Build.0 = Release|Any CPU
		{675B00CF-4EEC-48D4-8F05-6BB3B1B259ED}.Debug|Any CPU.ActiveCfg = Debug|x86
		{675B00CF-4EEC-48D4-8F05-6BB3B1B259ED}.Debug|x64.ActiveCfg = Debug|x64
		{675B00CF-4EEC-48D4-8F05-6BB3B1B259ED}.Debug|x64.Build.0 = Debug|x64
		{675B00CF-4EEC-48D4-8F05-6BB3B1B259ED}.Debug|x86.ActiveCfg = Debug|x86
		{675B00CF-4EEC-48D4-8F05-6BB3B1B259ED}.Debug|x86.Build.0 = Debug|x86
		{675B00CF-4EEC-48D4-8F05-6BB3B1B259ED}.Release|Any CPU.ActiveCfg = Release|x86
		{675B00CF-4EEC-48D4-8F05-6BB3B1B259ED}.Release|x64.ActiveCfg = Release|x64
		{675B00CF-4EEC-48D4-8F05-6BB3B1B259ED}.Release|x64.Build.0 = Release|x64
		{675B00CF-4EEC-48D4-8F05-6BB3B1B259ED}.Release|x86.ActiveCfg = Release|x86
		{675B00CF-4EEC-48D4-8F05-6BB3B1B259ED}.Release|x86.Build.0 = Release|x86
	EndGlobalSection
	GlobalSection(SolutionProperties) = preSolution
		HideSolutionNode = FALSE
	EndGlobalSection
	GlobalSection(ExtensibilityGlobals) = postSolution
		SolutionGuid = {B49BAA31-53CE-445B-B81E-AE2B31332DDD}
	EndGlobalSection
EndGlobal
